// !$*UTF8*$!
{
	archiveVersion = 1;
	classes = {
	};
	objectVersion = 46;
	objects = {

/* Begin PBXBuildFile section */
		D356E3131C05D4A10015F481 /* main.m in Sources */ = {isa = PBXBuildFile; fileRef = D356E3121C05D4A10015F481 /* main.m */; };
		D356E3161C05D4A10015F481 /* AppDelegate.m in Sources */ = {isa = PBXBuildFile; fileRef = D356E3151C05D4A10015F481 /* AppDelegate.m */; };
		D356E3191C05D4A10015F481 /* ViewController.m in Sources */ = {isa = PBXBuildFile; fileRef = D356E3181C05D4A10015F481 /* ViewController.m */; };
		D356E31E1C05D4A10015F481 /* Assets.xcassets in Resources */ = {isa = PBXBuildFile; fileRef = D356E31D1C05D4A10015F481 /* Assets.xcassets */; };
		D356E3211C05D4A10015F481 /* LaunchScreen.storyboard in Resources */ = {isa = PBXBuildFile; fileRef = D356E31F1C05D4A10015F481 /* LaunchScreen.storyboard */; };
		D356E3291C05D4CC0015F481 /* questions.plist in Resources */ = {isa = PBXBuildFile; fileRef = D356E3281C05D4CC0015F481 /* questions.plist */; };
		D356E32B1C05D5B20015F481 /* ViewController.xib in Resources */ = {isa = PBXBuildFile; fileRef = D356E32A1C05D5B20015F481 /* ViewController.xib */; };
/* End PBXBuildFile section */

/* Begin PBXFileReference section */
		D356E30E1C05D4A10015F481 /* GuessPicture.app */ = {isa = PBXFileReference; explicitFileType = wrapper.application; includeInIndex = 0; path = GuessPicture.app; sourceTree = BUILT_PRODUCTS_DIR; };
		D356E3121C05D4A10015F481 /* main.m */ = {isa = PBXFileReference; lastKnownFileType = sourcecode.c.objc; path = main.m; sourceTree = "<group>"; };
		D356E3141C05D4A10015F481 /* AppDelegate.h */ = {isa = PBXFileReference; lastKnownFileType = sourcecode.c.h; path = AppDelegate.h; sourceTree = "<group>"; };
		D356E3151C05D4A10015F481 /* AppDelegate.m */ = {isa = PBXFileReference; lastKnownFileType = sourcecode.c.objc; path = AppDelegate.m; sourceTree = "<group>"; };
		D356E3171C05D4A10015F481 /* ViewController.h */ = {isa = PBXFileReference; lastKnownFileType = sourcecode.c.h; path = ViewController.h; sourceTree = "<group>"; };
		D356E3181C05D4A10015F481 /* ViewController.m */ = {isa = PBXFileReference; lastKnownFileType = sourcecode.c.objc; path = ViewController.m; sourceTree = "<group>"; };
		D356E31D1C05D4A10015F481 /* Assets.xcassets */ = {isa = PBXFileReference; lastKnownFileType = folder.assetcatalog; path = Assets.xcassets; sourceTree = "<group>"; };
		D356E3201C05D4A10015F481 /* Base */ = {isa = PBXFileReference; lastKnownFileType = file.storyboard; name = Base; path = Base.lproj/LaunchScreen.storyboard; sourceTree = "<group>"; };
		D356E3221C05D4A10015F481 /* Info.plist */ = {isa = PBXFileReference; lastKnownFileType = text.plist.xml; path = Info.plist; sourceTree = "<group>"; };
		D356E3281C05D4CC0015F481 /* questions.plist */ = {isa = PBXFileReference; fileEncoding = 4; lastKnownFileType = text.plist.xml; path = questions.plist; sourceTree = "<group>"; };
		D356E32A1C05D5B20015F481 /* ViewController.xib */ = {isa = PBXFileReference; fileEncoding = 4; lastKnownFileType = file.xib; path = ViewController.xib; sourceTree = "<group>"; };
/* End PBXFileReference section */

/* Begin PBXFrameworksBuildPhase section */
		D356E30B1C05D4A10015F481 /* Frameworks */ = {
			isa = PBXFrameworksBuildPhase;
			buildActionMask = 2147483647;
			files = (
			);
			runOnlyForDeploymentPostprocessing = 0;
		};
/* End PBXFrameworksBuildPhase section */

/* Begin PBXGroup section */
		D356E3051C05D4A10015F481 = {
			isa = PBXGroup;
			children = (
				D356E3101C05D4A10015F481 /* GuessPicture */,
				D356E30F1C05D4A10015F481 /* Products */,
			);
			sourceTree = "<group>";
		};
		D356E30F1C05D4A10015F481 /* Products */ = {
			isa = PBXGroup;
			children = (
				D356E30E1C05D4A10015F481 /* GuessPicture.app */,
			);
			name = Products;
			sourceTree = "<group>";
		};
		D356E3101C05D4A10015F481 /* GuessPicture */ = {
			isa = PBXGroup;
			children = (
				D356E3141C05D4A10015F481 /* AppDelegate.h */,
				D356E3151C05D4A10015F481 /* AppDelegate.m */,
				D356E3171C05D4A10015F481 /* ViewController.h */,
				D356E3181C05D4A10015F481 /* ViewController.m */,
				D356E32A1C05D5B20015F481 /* ViewController.xib */,
				D356E31D1C05D4A10015F481 /* Assets.xcassets */,
				D356E3281C05D4CC0015F481 /* questions.plist */,
				D356E31F1C05D4A10015F481 /* LaunchScreen.storyboard */,
				D356E3221C05D4A10015F481 /* Info.plist */,
				D356E3111C05D4A10015F481 /* Supporting Files */,
			);
			path = GuessPicture;
			sourceTree = "<group>";
		};
		D356E3111C05D4A10015F481 /* Supporting Files */ = {
			isa = PBXGroup;
			children = (
				D356E3121C05D4A10015F481 /* main.m */,
			);
			name = "Supporting Files";
			sourceTree = "<group>";
		};
/* End PBXGroup section */

/* Begin PBXNativeTarget section */
		D356E30D1C05D4A10015F481 /* GuessPicture */ = {
			isa = PBXNativeTarget;
			buildConfigurationList = D356E3251C05D4A10015F481 /* Build configuration list for PBXNativeTarget "GuessPicture" */;
			buildPhases = (
				D356E30A1C05D4A10015F481 /* Sources */,
				D356E30B1C05D4A10015F481 /* Frameworks */,
				D356E30C1C05D4A10015F481 /* Resources */,
			);
			buildRules = (
			);
			dependencies = (
			);
			name = GuessPicture;
			productName = GuessPicture;
			productReference = D356E30E1C05D4A10015F481 /* GuessPicture.app */;
			productType = "com.apple.product-type.application";
		};
/* End PBXNativeTarget section */

/* Begin PBXProject section */
		D356E3061C05D4A10015F481 /* Project object */ = {
			isa = PBXProject;
			attributes = {
				LastUpgradeCheck = 0710;
				ORGANIZATIONNAME = "王长旭";
				TargetAttributes = {
					D356E30D1C05D4A10015F481 = {
						CreatedOnToolsVersion = 7.1;
					};
				};
			};
			buildConfigurationList = D356E3091C05D4A10015F481 /* Build configuration list for PBXProject "GuessPicture" */;
			compatibilityVersion = "Xcode 3.2";
			developmentRegion = English;
			hasScannedForEncodings = 0;
			knownRegions = (
				en,
				Base,
			);
			mainGroup = D356E3051C05D4A10015F481;
			productRefGroup = D356E30F1C05D4A10015F481 /* Products */;
			projectDirPath = "";
			projectRoot = "";
			targets = (
				D356E30D1C05D4A10015F481 /* GuessPicture */,
			);
		};
/* End PBXProject section */

/* Begin PBXResourcesBuildPhase section */
		D356E30C1C05D4A10015F481 /* Resources */ = {
			isa = PBXResourcesBuildPhase;
			buildActionMask = 2147483647;
			files = (
				D356E32B1C05D5B20015F481 /* ViewController.xib in Resources */,
				D356E3291C05D4CC0015F481 /* questions.plist in Resources */,
				D356E3211C05D4A10015F481 /* LaunchScreen.storyboard in Resources */,
				D356E31E1C05D4A10015F481 /* Assets.xcassets in Resources */,
			);
			runOnlyForDeploymentPostprocessing = 0;
		};
/* End PBXResourcesBuildPhase section */

/* Begin PBXSourcesBuildPhase section */
		D356E30A1C05D4A10015F481 /* Sources */ = {
			isa = PBXSourcesBuildPhase;
			buildActionMask = 2147483647;
			files = (
				D356E3191C05D4A10015F481 /* ViewController.m in Sources */,
				D356E3161C05D4A10015F481 /* AppDelegate.m in Sources */,
				D356E3131C05D4A10015F481 /* main.m in Sources */,
			);
			runOnlyForDeploymentPostprocessing = 0;
		};
/* End PBXSourcesBuildPhase section */

/* Begin PBXVariantGroup section */
		D356E31F1C05D4A10015F481 /* LaunchScreen.storyboard */ = {
			isa = PBXVariantGroup;
			children = (
				D356E3201C05D4A10015F481 /* Base */,
			);
			name = LaunchScreen.storyboard;
			sourceTree = "<group>";
		};
/* End PBXVariantGroup section */

/* Begin XCBuildConfiguration section */
		D356E3231C05D4A10015F481 /* Debug */ = {
			isa = XCBuildConfiguration;
			buildSettings = {
				ALWAYS_SEARCH_USER_PATHS = NO;
				CLANG_CXX_LANGUAGE_STANDARD = "gnu++0x";
				CLANG_CXX_LIBRARY = "libc++";
				CLANG_ENABLE_MODULES = YES;
				CLANG_ENABLE_OBJC_ARC = YES;
				CLANG_WARN_BOOL_CONVERSION = YES;
				CLANG_WARN_CONSTANT_CONVERSION = YES;
				CLANG_WARN_DIRECT_OBJC_ISA_USAGE = YES_ERROR;
				CLANG_WARN_EMPTY_BODY = YES;
				CLANG_WARN_ENUM_CONVERSION = YES;
				CLANG_WARN_INT_CONVERSION = YES;
				CLANG_WARN_OBJC_ROOT_CLASS = YES_ERROR;
				CLANG_WARN_UNREACHABLE_CODE = YES;
				CLANG_WARN__DUPLICATE_METHOD_MATCH = YES;
				"CODE_SIGN_IDENTITY[sdk=iphoneos*]" = "iPhone Developer";
				COPY_PHASE_STRIP = NO;
				DEBUG_INFORMATION_FORMAT = dwarf;
				ENABLE_STRICT_OBJC_MSGSEND = YES;
				ENABLE_TESTABILITY = YES;
				GCC_C_LANGUAGE_STANDARD = gnu99;
				GCC_DYNAMIC_NO_PIC = NO;
				GCC_NO_COMMON_BLOCKS = YES;
				GCC_OPTIMIZATION_LEVEL = 0;
				GCC_PREPROCESSOR_DEFINITIONS = (
					"DEBUG=1",
					"$(inherited)",
				);
				GCC_WARN_64_TO_32_BIT_CONVERSION = YES;
				GCC_WARN_ABOUT_RETURN_TYPE = YES_ERROR;
				GCC_WARN_UNDECLARED_SELECTOR = YES;
				GCC_WARN_UNINITIALIZED_AUTOS = YES_AGGRESSIVE;
				GCC_WARN_UNUSED_FUNCTION = YES;
				GCC_WARN_UNUSED_VARIABLE = YES;
				IPHONEOS_DEPLOYMENT_TARGET = 9.1;
				MTL_ENABLE_DEBUG_INFO = YES;
				ONLY_ACTIVE_ARCH = YES;
				SDKROOT = iphoneos;
			};
			name = Debug;
		};
		D356E3241C05D4A10015F481 /* Release */ = {
			isa = XCBuildConfiguration;
			buildSettings = {
				ALWAYS_SEARCH_USER_PATHS = NO;
				CLANG_CXX_LANGUAGE_STANDARD = "gnu++0x";
				CLANG_CXX_LIBRARY = "libc++";
				CLANG_ENABLE_MODULES = YES;
				CLANG_ENABLE_OBJC_ARC = YES;
				CLANG_WARN_BOOL_CONVERSION = YES;
				CLANG_WARN_CONSTANT_CONVERSION = YES;
				CLANG_WARN_DIRECT_OBJC_ISA_USAGE = YES_ERROR;
				CLANG_WARN_EMPTY_BODY = YES;
				CLANG_WARN_ENUM_CONVERSION = YES;
				CLANG_WARN_INT_CONVERSION = YES;
				CLANG_WARN_OBJC_ROOT_CLASS = YES_ERROR;
				CLANG_WARN_UNREACHABLE_CODE = YES;
				CLANG_WARN__DUPLICATE_METHOD_MATCH = YES;
				"CODE_SIGN_IDENTITY[sdk=iphoneos*]" = "iPhone Developer";
				COPY_PHASE_STRIP = NO;
				DEBUG_INFORMATION_FORMAT = "dwarf-with-dsym";
				ENABLE_NS_ASSERTIONS = NO;
				ENABLE_STRICT_OBJC_MSGSEND = YES;
				GCC_C_LANGUAGE_STANDARD = gnu99;
				GCC_NO_COMMON_BLOCKS = YES;
				GCC_WARN_64_TO_32_BIT_CONVERSION = YES;
				GCC_WARN_ABOUT_RETURN_TYPE = YES_ERROR;
				GCC_WARN_UNDECLARED_SELECTOR = YES;
				GCC_WARN_UNINITIALIZED_AUTOS = YES_AGGRESSIVE;
				GCC_WARN_UNUSED_FUNCTION = YES;
				GCC_WARN_UNUSED_VARIABLE = YES;
				IPHONEOS_DEPLOYMENT_TARGET = 9.1;
				MTL_ENABLE_DEBUG_INFO = NO;
				SDKROOT = iphoneos;
				VALIDATE_PRODUCT = YES;
			};
			name = Release;
		};
		D356E3261C05D4A10015F481 /* Debug */ = {
			isa = XCBuildConfiguration;
			buildSettings = {
				ASSETCATALOG_COMPILER_APPICON_NAME = AppIcon;
				INFOPLIST_FILE = GuessPicture/Info.plist;
				LD_RUNPATH_SEARCH_PATHS = "$(inherited) @executable_path/Frameworks";
				PRODUCT_BUNDLE_IDENTIFIER = wcx.GuessPicture;
				PRODUCT_NAME = "$(TARGET_NAME)";
			};
			name = Debug;
		};
		D356E3271C05D4A10015F481 /* Release */ = {
			isa = XCBuildConfiguration;
			buildSettings = {
				ASSETCATALOG_COMPILER_APPICON_NAME = AppIcon;
				INFOPLIST_FILE = GuessPicture/Info.plist;
				LD_RUNPATH_SEARCH_PATHS = "$(inherited) @executable_path/Frameworks";
				PRODUCT_BUNDLE_IDENTIFIER = wcx.GuessPicture;
				PRODUCT_NAME = "$(TARGET_NAME)";
			};
			name = Release;
		};
/* End XCBuildConfiguration section */

/* Begin XCConfigurationList section */
		D356E3091C05D4A10015F481 /* Build configuration list for PBXProject "GuessPicture" */ = {
			isa = XCConfigurationList;
			buildConfigurations = (
				D356E3231C05D4A10015F481 /* Debug */,
				D356E3241C05D4A10015F481 /* Release */,
			);
			defaultConfigurationIsVisible = 0;
			defaultConfigurationName = Release;
		};
		D356E3251C05D4A10015F481 /* Build configuration list for PBXNativeTarget "GuessPicture" */ = {
			isa = XCConfigurationList;
			buildConfigurations = (
				D356E3261C05D4A10015F481 /* Debug */,
				D356E3271C05D4A10015F481 /* Release */,
			);
			defaultConfigurationIsVisible = 0;
			defaultConfigurationName = Release;
		};
/* End XCConfigurationList section */
	};
	rootObject = D356E3061C05D4A10015F481 /* Project object */;
}
